
Microsoft Visual Studio Solution File, Format Version 12.00
# Visual Studio 15
VisualStudioVersion = 15.0.27130.2027
MinimumVisualStudioVersion = 10.0.40219.1
Project("{FAE04EC0-301F-11D3-BF4B-00C04F79EFBC}") = "Calculator", "Calculator\Calculator.csproj", "{B7E7F093-363D-4470-A980-14AFE03B2E11}"
EndProject
Global
	GlobalSection(SolutionConfigurationPlatforms) = preSolution
		Debug|Any CPU = Debug|Any CPU
		Release|Any CPU = Release|Any CPU
	EndGlobalSection
	GlobalSection(ProjectConfigurationPlatforms) = postSolution
		{B7E7F093-363D-4470-A980-14AFE03B2E11}.Debug|Any CPU.ActiveCfg = Debug|Any CPU
		{B7E7F093-363D-4470-A980-14AFE03B2E11}.Debug|Any CPU.Build.0 = Debug|Any CPU
		{B7E7F093-363D-4470-A980-14AFE03B2E11}.Release|Any CPU.ActiveCfg = Release|Any CPU
		{B7E7F093-363D-4470-A980-14AFE03B2E11}.Release|Any CPU.Build.0 = Release|Any CPU
	EndGlobalSection
	GlobalSection(SolutionProperties) = preSolution
		HideSolutionNode = FALSE
	EndGlobalSection
	GlobalSection(ExtensibilityGlobals) = postSolution
		SolutionGuid = {21B9236E-AE83-4D0C-A573-0B07A072AC7A}
	EndGlobalSection
EndGlobal
