
Microsoft Visual Studio Solution File, Format Version 12.00
# Visual Studio 15
VisualStudioVersion = 15.0.27130.2027
MinimumVisualStudioVersion = 10.0.40219.1
Project("{FAE04EC0-301F-11D3-BF4B-00C04F79EFBC}") = "EventsInXAML", "EventsInXAML\EventsInXAML.csproj", "{584189F1-107F-4F2F-B6F2-360F902AD592}"
EndProject
Global
	GlobalSection(SolutionConfigurationPlatforms) = preSolution
		Debug|Any CPU = Debug|Any CPU
		Release|Any CPU = Release|Any CPU
	EndGlobalSection
	GlobalSection(ProjectConfigurationPlatforms) = postSolution
		{584189F1-107F-4F2F-B6F2-360F902AD592}.Debug|Any CPU.ActiveCfg = Debug|Any CPU
		{584189F1-107F-4F2F-B6F2-360F902AD592}.Debug|Any CPU.Build.0 = Debug|Any CPU
		{584189F1-107F-4F2F-B6F2-360F902AD592}.Release|Any CPU.ActiveCfg = Release|Any CPU
		{584189F1-107F-4F2F-B6F2-360F902AD592}.Release|Any CPU.Build.0 = Release|Any CPU
	EndGlobalSection
	GlobalSection(SolutionProperties) = preSolution
		HideSolutionNode = FALSE
	EndGlobalSection
	GlobalSection(ExtensibilityGlobals) = postSolution
		SolutionGuid = {836C104A-81C9-446E-9D30-48DB1CD49578}
	EndGlobalSection
EndGlobal
